
Microsoft Visual Studio Solution File, Format Version 12.00
# Visual Studio 15
VisualStudioVersion = 15.0.26730.15
MinimumVisualStudioVersion = 10.0.40219.1
Project("{FAE04EC0-301F-11D3-BF4B-00C04F79EFBC}") = "FileSystemVisitor", "FileSystemVisitor\FileSystemVisitor.csproj", "{42AE27F5-D828-4987-91D9-F05EFB444387}"
EndProject
Project("{FAE04EC0-301F-11D3-BF4B-00C04F79EFBC}") = "FileSystemVisitor.App", "FileSystemVisitor.App\FileSystemVisitor.App.csproj", "{8252FB1F-D67C-4CD3-98BD-5396BD843A6C}"
EndProject
Project("{FAE04EC0-301F-11D3-BF4B-00C04F79EFBC}") = "FileSystemVisitor.Tests", "FileSystemVisitor.Tests\FileSystemVisitor.Tests.csproj", "{983E747B-9DFF-487F-97CE-A2C8B0DCDA26}"
EndProject
Global
	GlobalSection(SolutionConfigurationPlatforms) = preSolution
		Debug|Any CPU = Debug|Any CPU
		Release|Any CPU = Release|Any CPU
	EndGlobalSection
	GlobalSection(ProjectConfigurationPlatforms) = postSolution
		{42AE27F5-D828-4987-91D9-F05EFB444387}.Debug|Any CPU.ActiveCfg = Debug|Any CPU
		{42AE27F5-D828-4987-91D9-F05EFB444387}.Debug|Any CPU.Build.0 = Debug|Any CPU
		{42AE27F5-D828-4987-91D9-F05EFB444387}.Release|Any CPU.ActiveCfg = Release|Any CPU
		{42AE27F5-D828-4987-91D9-F05EFB444387}.Release|Any CPU.Build.0 = Release|Any CPU
		{8252FB1F-D67C-4CD3-98BD-5396BD843A6C}.Debug|Any CPU.ActiveCfg = Debug|Any CPU
		{8252FB1F-D67C-4CD3-98BD-5396BD843A6C}.Debug|Any CPU.Build.0 = Debug|Any CPU
		{8252FB1F-D67C-4CD3-98BD-5396BD843A6C}.Release|Any CPU.ActiveCfg = Release|Any CPU
		{8252FB1F-D67C-4CD3-98BD-5396BD843A6C}.Release|Any CPU.Build.0 = Release|Any CPU
		{983E747B-9DFF-487F-97CE-A2C8B0DCDA26}.Debug|Any CPU.ActiveCfg = Debug|Any CPU
		{983E747B-9DFF-487F-97CE-A2C8B0DCDA26}.Debug|Any CPU.Build.0 = Debug|Any CPU
		{983E747B-9DFF-487F-97CE-A2C8B0DCDA26}.Release|Any CPU.ActiveCfg = Release|Any CPU
		{983E747B-9DFF-487F-97CE-A2C8B0DCDA26}.Release|Any CPU.Build.0 = Release|Any CPU
	EndGlobalSection
	GlobalSection(SolutionProperties) = preSolution
		HideSolutionNode = FALSE
	EndGlobalSection
	GlobalSection(ExtensibilityGlobals) = postSolution
		SolutionGuid = {4AD93452-6970-490C-926D-5D5E0248D235}
	EndGlobalSection
EndGlobal
